// !$*UTF8*$!
{
	archiveVersion = 1;
	classes = {
	};
	objectVersion = 46;
	objects = {

/* Begin PBXBuildFile section */
		735777991C7BA92C00FF0463 /* AppDelegate.swift in Sources */ = {isa = PBXBuildFile; fileRef = 735777981C7BA92C00FF0463 /* AppDelegate.swift */; };
		7357779B1C7BA92C00FF0463 /* ViewController.swift in Sources */ = {isa = PBXBuildFile; fileRef = 7357779A1C7BA92C00FF0463 /* ViewController.swift */; };
		7357779E1C7BA92C00FF0463 /* Main.storyboard in Resources */ = {isa = PBXBuildFile; fileRef = 7357779C1C7BA92C00FF0463 /* Main.storyboard */; };
		735777A01C7BA92C00FF0463 /* Assets.xcassets in Resources */ = {isa = PBXBuildFile; fileRef = 7357779F1C7BA92C00FF0463 /* Assets.xcassets */; };
		735777A31C7BA92C00FF0463 /* LaunchScreen.storyboard in Resources */ = {isa = PBXBuildFile; fileRef = 735777A11C7BA92C00FF0463 /* LaunchScreen.storyboard */; };
		735777AB1C7BA95F00FF0463 /* ChatSingleton.swift in Sources */ = {isa = PBXBuildFile; fileRef = 735777AA1C7BA95F00FF0463 /* ChatSingleton.swift */; };
		735777D51C7BAA5800FF0463 /* Constants.swift in Sources */ = {isa = PBXBuildFile; fileRef = 735777D41C7BAA5800FF0463 /* Constants.swift */; };
		735777D71C7CD19200FF0463 /* ChatTableViewCell.swift in Sources */ = {isa = PBXBuildFile; fileRef = 735777D61C7CD19200FF0463 /* ChatTableViewCell.swift */; };
		735777ED1C7CDD9800FF0463 /* SocketAckEmitter.swift in Sources */ = {isa = PBXBuildFile; fileRef = 735777DA1C7CDD9800FF0463 /* SocketAckEmitter.swift */; };
		735777EE1C7CDD9800FF0463 /* SocketAckManager.swift in Sources */ = {isa = PBXBuildFile; fileRef = 735777DB1C7CDD9800FF0463 /* SocketAckManager.swift */; };
		735777EF1C7CDD9800FF0463 /* SocketAnyEvent.swift in Sources */ = {isa = PBXBuildFile; fileRef = 735777DC1C7CDD9800FF0463 /* SocketAnyEvent.swift */; };
		735777F01C7CDD9800FF0463 /* SocketEngine.swift in Sources */ = {isa = PBXBuildFile; fileRef = 735777DD1C7CDD9800FF0463 /* SocketEngine.swift */; };
		735777F11C7CDD9800FF0463 /* SocketEngineClient.swift in Sources */ = {isa = PBXBuildFile; fileRef = 735777DE1C7CDD9800FF0463 /* SocketEngineClient.swift */; };
		735777F21C7CDD9800FF0463 /* SocketEnginePacketType.swift in Sources */ = {isa = PBXBuildFile; fileRef = 735777DF1C7CDD9800FF0463 /* SocketEnginePacketType.swift */; };
		735777F31C7CDD9800FF0463 /* SocketEngineSpec.swift in Sources */ = {isa = PBXBuildFile; fileRef = 735777E01C7CDD9800FF0463 /* SocketEngineSpec.swift */; };
		735777F41C7CDD9800FF0463 /* SocketEventHandler.swift in Sources */ = {isa = PBXBuildFile; fileRef = 735777E11C7CDD9800FF0463 /* SocketEventHandler.swift */; };
		735777F51C7CDD9800FF0463 /* SocketFixUTF8.swift in Sources */ = {isa = PBXBuildFile; fileRef = 735777E21C7CDD9800FF0463 /* SocketFixUTF8.swift */; };
		735777F61C7CDD9800FF0463 /* SocketIOClient.swift in Sources */ = {isa = PBXBuildFile; fileRef = 735777E31C7CDD9800FF0463 /* SocketIOClient.swift */; };
		735777F71C7CDD9800FF0463 /* SocketIOClientOption.swift in Sources */ = {isa = PBXBuildFile; fileRef = 735777E41C7CDD9800FF0463 /* SocketIOClientOption.swift */; };
		735777F81C7CDD9800FF0463 /* SocketIOClientStatus.swift in Sources */ = {isa = PBXBuildFile; fileRef = 735777E51C7CDD9800FF0463 /* SocketIOClientStatus.swift */; };
		735777F91C7CDD9800FF0463 /* SocketLogger.swift in Sources */ = {isa = PBXBuildFile; fileRef = 735777E61C7CDD9800FF0463 /* SocketLogger.swift */; };
		735777FA1C7CDD9800FF0463 /* SocketPacket.swift in Sources */ = {isa = PBXBuildFile; fileRef = 735777E71C7CDD9800FF0463 /* SocketPacket.swift */; };
		735777FB1C7CDD9800FF0463 /* SocketParser.swift in Sources */ = {isa = PBXBuildFile; fileRef = 735777E81C7CDD9800FF0463 /* SocketParser.swift */; };
		735777FC1C7CDD9800FF0463 /* SocketStringReader.swift in Sources */ = {isa = PBXBuildFile; fileRef = 735777E91C7CDD9800FF0463 /* SocketStringReader.swift */; };
		735777FD1C7CDD9800FF0463 /* SocketTypes.swift in Sources */ = {isa = PBXBuildFile; fileRef = 735777EA1C7CDD9800FF0463 /* SocketTypes.swift */; };
		735777FE1C7CDD9800FF0463 /* SwiftRegex.swift in Sources */ = {isa = PBXBuildFile; fileRef = 735777EB1C7CDD9800FF0463 /* SwiftRegex.swift */; };
		735777FF1C7CDD9800FF0463 /* WebSocket.swift in Sources */ = {isa = PBXBuildFile; fileRef = 735777EC1C7CDD9800FF0463 /* WebSocket.swift */; };
		735778031C806FB600FF0463 /* RemoteRequest.swift in Sources */ = {isa = PBXBuildFile; fileRef = 735778021C806FB600FF0463 /* RemoteRequest.swift */; };
		735778051C8087B000FF0463 /* GlobalObjects.swift in Sources */ = {isa = PBXBuildFile; fileRef = 735778041C8087B000FF0463 /* GlobalObjects.swift */; };
		73D33C4F1C861B83002859A9 /* login.storyboard in Resources */ = {isa = PBXBuildFile; fileRef = 73D33C4E1C861B83002859A9 /* login.storyboard */; };
		73D33C511C861BE5002859A9 /* LoginViewController.swift in Sources */ = {isa = PBXBuildFile; fileRef = 73D33C501C861BE5002859A9 /* LoginViewController.swift */; };
		73D33C541C862E39002859A9 /* chatScreen.storyboard in Resources */ = {isa = PBXBuildFile; fileRef = 73D33C531C862E39002859A9 /* chatScreen.storyboard */; };
		73D33C561C862E4C002859A9 /* ChatScreenViewController.swift in Sources */ = {isa = PBXBuildFile; fileRef = 73D33C551C862E4C002859A9 /* ChatScreenViewController.swift */; };
/* End PBXBuildFile section */

/* Begin PBXFileReference section */
		735777951C7BA92C00FF0463 /* chatIos.app */ = {isa = PBXFileReference; explicitFileType = wrapper.application; includeInIndex = 0; path = chatIos.app; sourceTree = BUILT_PRODUCTS_DIR; };
		735777981C7BA92C00FF0463 /* AppDelegate.swift */ = {isa = PBXFileReference; lastKnownFileType = sourcecode.swift; path = AppDelegate.swift; sourceTree = "<group>"; };
		7357779A1C7BA92C00FF0463 /* ViewController.swift */ = {isa = PBXFileReference; lastKnownFileType = sourcecode.swift; path = ViewController.swift; sourceTree = "<group>"; };
		7357779D1C7BA92C00FF0463 /* Base */ = {isa = PBXFileReference; lastKnownFileType = file.storyboard; name = Base; path = Base.lproj/Main.storyboard; sourceTree = "<group>"; };
		7357779F1C7BA92C00FF0463 /* Assets.xcassets */ = {isa = PBXFileReference; lastKnownFileType = folder.assetcatalog; path = Assets.xcassets; sourceTree = "<group>"; };
		735777A21C7BA92C00FF0463 /* Base */ = {isa = PBXFileReference; lastKnownFileType = file.storyboard; name = Base; path = Base.lproj/LaunchScreen.storyboard; sourceTree = "<group>"; };
		735777A41C7BA92C00FF0463 /* Info.plist */ = {isa = PBXFileReference; lastKnownFileType = text.plist.xml; path = Info.plist; sourceTree = "<group>"; };
		735777AA1C7BA95F00FF0463 /* ChatSingleton.swift */ = {isa = PBXFileReference; fileEncoding = 4; lastKnownFileType = sourcecode.swift; path = ChatSingleton.swift; sourceTree = "<group>"; };
		735777D41C7BAA5800FF0463 /* Constants.swift */ = {isa = PBXFileReference; fileEncoding = 4; lastKnownFileType = sourcecode.swift; path = Constants.swift; sourceTree = "<group>"; };
		735777D61C7CD19200FF0463 /* ChatTableViewCell.swift */ = {isa = PBXFileReference; fileEncoding = 4; lastKnownFileType = sourcecode.swift; path = ChatTableViewCell.swift; sourceTree = "<group>"; };
		735777DA1C7CDD9800FF0463 /* SocketAckEmitter.swift */ = {isa = PBXFileReference; fileEncoding = 4; lastKnownFileType = sourcecode.swift; name = SocketAckEmitter.swift; path = Frameworks/Sockets/SocketAckEmitter.swift; sourceTree = "<group>"; };
		735777DB1C7CDD9800FF0463 /* SocketAckManager.swift */ = {isa = PBXFileReference; fileEncoding = 4; lastKnownFileType = sourcecode.swift; name = SocketAckManager.swift; path = Frameworks/Sockets/SocketAckManager.swift; sourceTree = "<group>"; };
		735777DC1C7CDD9800FF0463 /* SocketAnyEvent.swift */ = {isa = PBXFileReference; fileEncoding = 4; lastKnownFileType = sourcecode.swift; name = SocketAnyEvent.swift; path = Frameworks/Sockets/SocketAnyEvent.swift; sourceTree = "<group>"; };
		735777DD1C7CDD9800FF0463 /* SocketEngine.swift */ = {isa = PBXFileReference; fileEncoding = 4; lastKnownFileType = sourcecode.swift; name = SocketEngine.swift; path = Frameworks/Sockets/SocketEngine.swift; sourceTree = "<group>"; };
		735777DE1C7CDD9800FF0463 /* SocketEngineClient.swift */ = {isa = PBXFileReference; fileEncoding = 4; lastKnownFileType = sourcecode.swift; name = SocketEngineClient.swift; path = Frameworks/Sockets/SocketEngineClient.swift; sourceTree = "<group>"; };
		735777DF1C7CDD9800FF0463 /* SocketEnginePacketType.swift */ = {isa = PBXFileReference; fileEncoding = 4; lastKnownFileType = sourcecode.swift; name = SocketEnginePacketType.swift; path = Frameworks/Sockets/SocketEnginePacketType.swift; sourceTree = "<group>"; };
		735777E01C7CDD9800FF0463 /* SocketEngineSpec.swift */ = {isa = PBXFileReference; fileEncoding = 4; lastKnownFileType = sourcecode.swift; name = SocketEngineSpec.swift; path = Frameworks/Sockets/SocketEngineSpec.swift; sourceTree = "<group>"; };
		735777E11C7CDD9800FF0463 /* SocketEventHandler.swift */ = {isa = PBXFileReference; fileEncoding = 4; lastKnownFileType = sourcecode.swift; name = SocketEventHandler.swift; path = Frameworks/Sockets/SocketEventHandler.swift; sourceTree = "<group>"; };
		735777E21C7CDD9800FF0463 /* SocketFixUTF8.swift */ = {isa = PBXFileReference; fileEncoding = 4; lastKnownFileType = sourcecode.swift; name = SocketFixUTF8.swift; path = Frameworks/Sockets/SocketFixUTF8.swift; sourceTree = "<group>"; };
		735777E31C7CDD9800FF0463 /* SocketIOClient.swift */ = {isa = PBXFileReference; fileEncoding = 4; lastKnownFileType = sourcecode.swift; name = SocketIOClient.swift; path = Frameworks/Sockets/SocketIOClient.swift; sourceTree = "<group>"; };
		735777E41C7CDD9800FF0463 /* SocketIOClientOption.swift */ = {isa = PBXFileReference; fileEncoding = 4; lastKnownFileType = sourcecode.swift; name = SocketIOClientOption.swift; path = Frameworks/Sockets/SocketIOClientOption.swift; sourceTree = "<group>"; };
		735777E51C7CDD9800FF0463 /* SocketIOClientStatus.swift */ = {isa = PBXFileReference; fileEncoding = 4; lastKnownFileType = sourcecode.swift; name = SocketIOClientStatus.swift; path = Frameworks/Sockets/SocketIOClientStatus.swift; sourceTree = "<group>"; };
		735777E61C7CDD9800FF0463 /* SocketLogger.swift */ = {isa = PBXFileReference; fileEncoding = 4; lastKnownFileType = sourcecode.swift; name = SocketLogger.swift; path = Frameworks/Sockets/SocketLogger.swift; sourceTree = "<group>"; };
		735777E71C7CDD9800FF0463 /* SocketPacket.swift */ = {isa = PBXFileReference; fileEncoding = 4; lastKnownFileType = sourcecode.swift; name = SocketPacket.swift; path = Frameworks/Sockets/SocketPacket.swift; sourceTree = "<group>"; };
		735777E81C7CDD9800FF0463 /* SocketParser.swift */ = {isa = PBXFileReference; fileEncoding = 4; lastKnownFileType = sourcecode.swift; name = SocketParser.swift; path = Frameworks/Sockets/SocketParser.swift; sourceTree = "<group>"; };
		735777E91C7CDD9800FF0463 /* SocketStringReader.swift */ = {isa = PBXFileReference; fileEncoding = 4; lastKnownFileType = sourcecode.swift; name = SocketStringReader.swift; path = Frameworks/Sockets/SocketStringReader.swift; sourceTree = "<group>"; };
		735777EA1C7CDD9800FF0463 /* SocketTypes.swift */ = {isa = PBXFileReference; fileEncoding = 4; lastKnownFileType = sourcecode.swift; name = SocketTypes.swift; path = Frameworks/Sockets/SocketTypes.swift; sourceTree = "<group>"; };
		735777EB1C7CDD9800FF0463 /* SwiftRegex.swift */ = {isa = PBXFileReference; fileEncoding = 4; lastKnownFileType = sourcecode.swift; name = SwiftRegex.swift; path = Frameworks/Sockets/SwiftRegex.swift; sourceTree = "<group>"; };
		735777EC1C7CDD9800FF0463 /* WebSocket.swift */ = {isa = PBXFileReference; fileEncoding = 4; lastKnownFileType = sourcecode.swift; name = WebSocket.swift; path = Frameworks/Sockets/WebSocket.swift; sourceTree = "<group>"; };
		735778021C806FB600FF0463 /* RemoteRequest.swift */ = {isa = PBXFileReference; fileEncoding = 4; lastKnownFileType = sourcecode.swift; path = RemoteRequest.swift; sourceTree = "<group>"; };
		735778041C8087B000FF0463 /* GlobalObjects.swift */ = {isa = PBXFileReference; fileEncoding = 4; lastKnownFileType = sourcecode.swift; path = GlobalObjects.swift; sourceTree = "<group>"; };
		73D33C4E1C861B83002859A9 /* login.storyboard */ = {isa = PBXFileReference; fileEncoding = 4; lastKnownFileType = file.storyboard; path = login.storyboard; sourceTree = "<group>"; };
		73D33C501C861BE5002859A9 /* LoginViewController.swift */ = {isa = PBXFileReference; fileEncoding = 4; lastKnownFileType = sourcecode.swift; path = LoginViewController.swift; sourceTree = "<group>"; };
		73D33C531C862E39002859A9 /* chatScreen.storyboard */ = {isa = PBXFileReference; fileEncoding = 4; lastKnownFileType = file.storyboard; path = chatScreen.storyboard; sourceTree = "<group>"; };
		73D33C551C862E4C002859A9 /* ChatScreenViewController.swift */ = {isa = PBXFileReference; fileEncoding = 4; lastKnownFileType = sourcecode.swift; path = ChatScreenViewController.swift; sourceTree = "<group>"; };
/* End PBXFileReference section */

/* Begin PBXFrameworksBuildPhase section */
		735777921C7BA92C00FF0463 /* Frameworks */ = {
			isa = PBXFrameworksBuildPhase;
			buildActionMask = 2147483647;
			files = (
			);
			runOnlyForDeploymentPostprocessing = 0;
		};
/* End PBXFrameworksBuildPhase section */

/* Begin PBXGroup section */
		7357778C1C7BA92C00FF0463 = {
			isa = PBXGroup;
			children = (
				73D33C4C1C861961002859A9 /* projects */,
				735777961C7BA92C00FF0463 /* Products */,
			);
			sourceTree = "<group>";
		};
		735777961C7BA92C00FF0463 /* Products */ = {
			isa = PBXGroup;
			children = (
				735777951C7BA92C00FF0463 /* chatIos.app */,
			);
			name = Products;
			sourceTree = "<group>";
		};
		735777971C7BA92C00FF0463 /* chatIos */ = {
			isa = PBXGroup;
			children = (
				73D33C521C862CC2002859A9 /* chatScreen */,
				73D33C4D1C861B68002859A9 /* login */,
				735778011C806F3F00FF0463 /* apirequests */,
				735778001C7CDDA200FF0463 /* sockets */,
				735777981C7BA92C00FF0463 /* AppDelegate.swift */,
				735778041C8087B000FF0463 /* GlobalObjects.swift */,
				735777AA1C7BA95F00FF0463 /* ChatSingleton.swift */,
				7357779A1C7BA92C00FF0463 /* ViewController.swift */,
				7357779C1C7BA92C00FF0463 /* Main.storyboard */,
				7357779F1C7BA92C00FF0463 /* Assets.xcassets */,
				735777A11C7BA92C00FF0463 /* LaunchScreen.storyboard */,
				735777A41C7BA92C00FF0463 /* Info.plist */,
				735777D41C7BAA5800FF0463 /* Constants.swift */,
				735777D61C7CD19200FF0463 /* ChatTableViewCell.swift */,
			);
			path = chatIos;
			sourceTree = "<group>";
		};
		735778001C7CDDA200FF0463 /* sockets */ = {
			isa = PBXGroup;
			children = (
				735777DA1C7CDD9800FF0463 /* SocketAckEmitter.swift */,
				735777DB1C7CDD9800FF0463 /* SocketAckManager.swift */,
				735777DC1C7CDD9800FF0463 /* SocketAnyEvent.swift */,
				735777DD1C7CDD9800FF0463 /* SocketEngine.swift */,
				735777DE1C7CDD9800FF0463 /* SocketEngineClient.swift */,
				735777DF1C7CDD9800FF0463 /* SocketEnginePacketType.swift */,
				735777E01C7CDD9800FF0463 /* SocketEngineSpec.swift */,
				735777E11C7CDD9800FF0463 /* SocketEventHandler.swift */,
				735777E21C7CDD9800FF0463 /* SocketFixUTF8.swift */,
				735777E31C7CDD9800FF0463 /* SocketIOClient.swift */,
				735777E41C7CDD9800FF0463 /* SocketIOClientOption.swift */,
				735777E51C7CDD9800FF0463 /* SocketIOClientStatus.swift */,
				735777E61C7CDD9800FF0463 /* SocketLogger.swift */,
				735777E71C7CDD9800FF0463 /* SocketPacket.swift */,
				735777E81C7CDD9800FF0463 /* SocketParser.swift */,
				735777E91C7CDD9800FF0463 /* SocketStringReader.swift */,
				735777EA1C7CDD9800FF0463 /* SocketTypes.swift */,
				735777EB1C7CDD9800FF0463 /* SwiftRegex.swift */,
				735777EC1C7CDD9800FF0463 /* WebSocket.swift */,
			);
			name = sockets;
			sourceTree = "<group>";
		};
		735778011C806F3F00FF0463 /* apirequests */ = {
			isa = PBXGroup;
			children = (
				735778021C806FB600FF0463 /* RemoteRequest.swift */,
			);
			name = apirequests;
			sourceTree = "<group>";
		};
		73D33C4C1C861961002859A9 /* projects */ = {
			isa = PBXGroup;
			children = (
				735777971C7BA92C00FF0463 /* chatIos */,
			);
			name = projects;
			sourceTree = "<group>";
		};
		73D33C4D1C861B68002859A9 /* login */ = {
			isa = PBXGroup;
			children = (
				73D33C4E1C861B83002859A9 /* login.storyboard */,
				73D33C501C861BE5002859A9 /* LoginViewController.swift */,
			);
			name = login;
			sourceTree = "<group>";
		};
		73D33C521C862CC2002859A9 /* chatScreen */ = {
			isa = PBXGroup;
			children = (
				73D33C531C862E39002859A9 /* chatScreen.storyboard */,
				73D33C551C862E4C002859A9 /* ChatScreenViewController.swift */,
			);
			name = chatScreen;
			sourceTree = "<group>";
		};
/* End PBXGroup section */

/* Begin PBXNativeTarget section */
		735777941C7BA92C00FF0463 /* chatIos */ = {
			isa = PBXNativeTarget;
			buildConfigurationList = 735777A71C7BA92C00FF0463 /* Build configuration list for PBXNativeTarget "chatIos" */;
			buildPhases = (
				735777911C7BA92C00FF0463 /* Sources */,
				735777921C7BA92C00FF0463 /* Frameworks */,
				735777931C7BA92C00FF0463 /* Resources */,
			);
			buildRules = (
			);
			dependencies = (
			);
			name = chatIos;
			productName = chatIos;
			productReference = 735777951C7BA92C00FF0463 /* chatIos.app */;
			productType = "com.apple.product-type.application";
		};
/* End PBXNativeTarget section */

/* Begin PBXProject section */
		7357778D1C7BA92C00FF0463 /* Project object */ = {
			isa = PBXProject;
			attributes = {
				LastSwiftUpdateCheck = 0730;
				LastUpgradeCheck = 0730;
				ORGANIZATIONNAME = "Asif Junaid";
				TargetAttributes = {
					735777941C7BA92C00FF0463 = {
						CreatedOnToolsVersion = 7.3;
					};
				};
			};
			buildConfigurationList = 735777901C7BA92C00FF0463 /* Build configuration list for PBXProject "chatIos" */;
			compatibilityVersion = "Xcode 3.2";
			developmentRegion = English;
			hasScannedForEncodings = 0;
			knownRegions = (
				en,
				Base,
			);
			mainGroup = 7357778C1C7BA92C00FF0463;
			productRefGroup = 735777961C7BA92C00FF0463 /* Products */;
			projectDirPath = "";
			projectRoot = "";
			targets = (
				735777941C7BA92C00FF0463 /* chatIos */,
			);
		};
/* End PBXProject section */

/* Begin PBXResourcesBuildPhase section */
		735777931C7BA92C00FF0463 /* Resources */ = {
			isa = PBXResourcesBuildPhase;
			buildActionMask = 2147483647;
			files = (
				73D33C4F1C861B83002859A9 /* login.storyboard in Resources */,
				735777A31C7BA92C00FF0463 /* LaunchScreen.storyboard in Resources */,
				73D33C541C862E39002859A9 /* chatScreen.storyboard in Resources */,
				735777A01C7BA92C00FF0463 /* Assets.xcassets in Resources */,
				7357779E1C7BA92C00FF0463 /* Main.storyboard in Resources */,
			);
			runOnlyForDeploymentPostprocessing = 0;
		};
/* End PBXResourcesBuildPhase section */

/* Begin PBXSourcesBuildPhase section */
		735777911C7BA92C00FF0463 /* Sources */ = {
			isa = PBXSourcesBuildPhase;
			buildActionMask = 2147483647;
			files = (
				73D33C511C861BE5002859A9 /* LoginViewController.swift in Sources */,
				735777F61C7CDD9800FF0463 /* SocketIOClient.swift in Sources */,
				735777FF1C7CDD9800FF0463 /* WebSocket.swift in Sources */,
				735778031C806FB600FF0463 /* RemoteRequest.swift in Sources */,
				735777F21C7CDD9800FF0463 /* SocketEnginePacketType.swift in Sources */,
				735777FD1C7CDD9800FF0463 /* SocketTypes.swift in Sources */,
				7357779B1C7BA92C00FF0463 /* ViewController.swift in Sources */,
				735777F41C7CDD9800FF0463 /* SocketEventHandler.swift in Sources */,
				735777D51C7BAA5800FF0463 /* Constants.swift in Sources */,
				735777F31C7CDD9800FF0463 /* SocketEngineSpec.swift in Sources */,
				735777EF1C7CDD9800FF0463 /* SocketAnyEvent.swift in Sources */,
				735777FA1C7CDD9800FF0463 /* SocketPacket.swift in Sources */,
				735777F11C7CDD9800FF0463 /* SocketEngineClient.swift in Sources */,
				735777F51C7CDD9800FF0463 /* SocketFixUTF8.swift in Sources */,
				735777991C7BA92C00FF0463 /* AppDelegate.swift in Sources */,
				735777FE1C7CDD9800FF0463 /* SwiftRegex.swift in Sources */,
				73D33C561C862E4C002859A9 /* ChatScreenViewController.swift in Sources */,
				735777FB1C7CDD9800FF0463 /* SocketParser.swift in Sources */,
				735777ED1C7CDD9800FF0463 /* SocketAckEmitter.swift in Sources */,
				735777AB1C7BA95F00FF0463 /* ChatSingleton.swift in Sources */,
				735777F81C7CDD9800FF0463 /* SocketIOClientStatus.swift in Sources */,
				735777F01C7CDD9800FF0463 /* SocketEngine.swift in Sources */,
				735777F91C7CDD9800FF0463 /* SocketLogger.swift in Sources */,
				735777D71C7CD19200FF0463 /* ChatTableViewCell.swift in Sources */,
				735777FC1C7CDD9800FF0463 /* SocketStringReader.swift in Sources */,
				735777F71C7CDD9800FF0463 /* SocketIOClientOption.swift in Sources */,
				735777EE1C7CDD9800FF0463 /* SocketAckManager.swift in Sources */,
				735778051C8087B000FF0463 /* GlobalObjects.swift in Sources */,
			);
			runOnlyForDeploymentPostprocessing = 0;
		};
/* End PBXSourcesBuildPhase section */

/* Begin PBXVariantGroup section */
		7357779C1C7BA92C00FF0463 /* Main.storyboard */ = {
			isa = PBXVariantGroup;
			children = (
				7357779D1C7BA92C00FF0463 /* Base */,
			);
			name = Main.storyboard;
			sourceTree = "<group>";
		};
		735777A11C7BA92C00FF0463 /* LaunchScreen.storyboard */ = {
			isa = PBXVariantGroup;
			children = (
				735777A21C7BA92C00FF0463 /* Base */,
			);
			name = LaunchScreen.storyboard;
			sourceTree = "<group>";
		};
/* End PBXVariantGroup section */

/* Begin XCBuildConfiguration section */
		735777A51C7BA92C00FF0463 /* Debug */ = {
			isa = XCBuildConfiguration;
			buildSettings = {
				ALWAYS_SEARCH_USER_PATHS = NO;
				CLANG_CXX_LANGUAGE_STANDARD = "gnu++0x";
				CLANG_CXX_LIBRARY = "libc++";
				CLANG_ENABLE_MODULES = YES;
				CLANG_ENABLE_OBJC_ARC = YES;
				CLANG_WARN_BOOL_CONVERSION = YES;
				CLANG_WARN_CONSTANT_CONVERSION = YES;
				CLANG_WARN_DIRECT_OBJC_ISA_USAGE = YES_ERROR;
				CLANG_WARN_EMPTY_BODY = YES;
				CLANG_WARN_ENUM_CONVERSION = YES;
				CLANG_WARN_INT_CONVERSION = YES;
				CLANG_WARN_OBJC_ROOT_CLASS = YES_ERROR;
				CLANG_WARN_UNREACHABLE_CODE = YES;
				CLANG_WARN__DUPLICATE_METHOD_MATCH = YES;
				"CODE_SIGN_IDENTITY[sdk=iphoneos*]" = "iPhone Developer";
				COPY_PHASE_STRIP = NO;
				DEBUG_INFORMATION_FORMAT = dwarf;
				ENABLE_STRICT_OBJC_MSGSEND = YES;
				ENABLE_TESTABILITY = YES;
				GCC_C_LANGUAGE_STANDARD = gnu99;
				GCC_DYNAMIC_NO_PIC = NO;
				GCC_NO_COMMON_BLOCKS = YES;
				GCC_OPTIMIZATION_LEVEL = 0;
				GCC_PREPROCESSOR_DEFINITIONS = (
					"DEBUG=1",
					"$(inherited)",
				);
				GCC_WARN_64_TO_32_BIT_CONVERSION = YES;
				GCC_WARN_ABOUT_RETURN_TYPE = YES_ERROR;
				GCC_WARN_UNDECLARED_SELECTOR = YES;
				GCC_WARN_UNINITIALIZED_AUTOS = YES_AGGRESSIVE;
				GCC_WARN_UNUSED_FUNCTION = YES;
				GCC_WARN_UNUSED_VARIABLE = YES;
				IPHONEOS_DEPLOYMENT_TARGET = 9.3;
				MTL_ENABLE_DEBUG_INFO = YES;
				ONLY_ACTIVE_ARCH = YES;
				SDKROOT = iphoneos;
				SWIFT_OPTIMIZATION_LEVEL = "-Onone";
			};
			name = Debug;
		};
		735777A61C7BA92C00FF0463 /* Release */ = {
			isa = XCBuildConfiguration;
			buildSettings = {
				ALWAYS_SEARCH_USER_PATHS = NO;
				CLANG_CXX_LANGUAGE_STANDARD = "gnu++0x";
				CLANG_CXX_LIBRARY = "libc++";
				CLANG_ENABLE_MODULES = YES;
				CLANG_ENABLE_OBJC_ARC = YES;
				CLANG_WARN_BOOL_CONVERSION = YES;
				CLANG_WARN_CONSTANT_CONVERSION = YES;
				CLANG_WARN_DIRECT_OBJC_ISA_USAGE = YES_ERROR;
				CLANG_WARN_EMPTY_BODY = YES;
				CLANG_WARN_ENUM_CONVERSION = YES;
				CLANG_WARN_INT_CONVERSION = YES;
				CLANG_WARN_OBJC_ROOT_CLASS = YES_ERROR;
				CLANG_WARN_UNREACHABLE_CODE = YES;
				CLANG_WARN__DUPLICATE_METHOD_MATCH = YES;
				"CODE_SIGN_IDENTITY[sdk=iphoneos*]" = "iPhone Developer";
				COPY_PHASE_STRIP = NO;
				DEBUG_INFORMATION_FORMAT = "dwarf-with-dsym";
				ENABLE_NS_ASSERTIONS = NO;
				ENABLE_STRICT_OBJC_MSGSEND = YES;
				GCC_C_LANGUAGE_STANDARD = gnu99;
				GCC_NO_COMMON_BLOCKS = YES;
				GCC_WARN_64_TO_32_BIT_CONVERSION = YES;
				GCC_WARN_ABOUT_RETURN_TYPE = YES_ERROR;
				GCC_WARN_UNDECLARED_SELECTOR = YES;
				GCC_WARN_UNINITIALIZED_AUTOS = YES_AGGRESSIVE;
				GCC_WARN_UNUSED_FUNCTION = YES;
				GCC_WARN_UNUSED_VARIABLE = YES;
				IPHONEOS_DEPLOYMENT_TARGET = 9.3;
				MTL_ENABLE_DEBUG_INFO = NO;
				SDKROOT = iphoneos;
				VALIDATE_PRODUCT = YES;
			};
			name = Release;
		};
		735777A81C7BA92C00FF0463 /* Debug */ = {
			isa = XCBuildConfiguration;
			buildSettings = {
				ASSETCATALOG_COMPILER_APPICON_NAME = AppIcon;
				INFOPLIST_FILE = chatIos/Info.plist;
				IPHONEOS_DEPLOYMENT_TARGET = 9.0;
				LD_RUNPATH_SEARCH_PATHS = "$(inherited) @executable_path/Frameworks";
				PRODUCT_BUNDLE_IDENTIFIER = com.asifjunaid.chatIos;
				PRODUCT_NAME = "$(TARGET_NAME)";
			};
			name = Debug;
		};
		735777A91C7BA92C00FF0463 /* Release */ = {
			isa = XCBuildConfiguration;
			buildSettings = {
				ASSETCATALOG_COMPILER_APPICON_NAME = AppIcon;
				INFOPLIST_FILE = chatIos/Info.plist;
				IPHONEOS_DEPLOYMENT_TARGET = 9.0;
				LD_RUNPATH_SEARCH_PATHS = "$(inherited) @executable_path/Frameworks";
				PRODUCT_BUNDLE_IDENTIFIER = com.asifjunaid.chatIos;
				PRODUCT_NAME = "$(TARGET_NAME)";
			};
			name = Release;
		};
/* End XCBuildConfiguration section */

/* Begin XCConfigurationList section */
		735777901C7BA92C00FF0463 /* Build configuration list for PBXProject "chatIos" */ = {
			isa = XCConfigurationList;
			buildConfigurations = (
				735777A51C7BA92C00FF0463 /* Debug */,
				735777A61C7BA92C00FF0463 /* Release */,
			);
			defaultConfigurationIsVisible = 0;
			defaultConfigurationName = Release;
		};
		735777A71C7BA92C00FF0463 /* Build configuration list for PBXNativeTarget "chatIos" */ = {
			isa = XCConfigurationList;
			buildConfigurations = (
				735777A81C7BA92C00FF0463 /* Debug */,
				735777A91C7BA92C00FF0463 /* Release */,
			);
			defaultConfigurationIsVisible = 0;
			defaultConfigurationName = Release;
		};
/* End XCConfigurationList section */
	};
	rootObject = 7357778D1C7BA92C00FF0463 /* Project object */;
}
